
Microsoft Visual Studio Solution File, Format Version 12.00
# Visual Studio Version 16
VisualStudioVersion = 16.0.31624.102
MinimumVisualStudioVersion = 10.0.40219.1
Project("{FAE04EC0-301F-11D3-BF4B-00C04F79EFBC}") = "VismaBookLibrary", "VismaBookLibrary\VismaBookLibrary.csproj", "{BF83B440-885D-4779-BDF1-D986DF30CF9B}"
EndProject
Global
	GlobalSection(SolutionConfigurationPlatforms) = preSolution
		Debug|Any CPU = Debug|Any CPU
		Release|Any CPU = Release|Any CPU
	EndGlobalSection
	GlobalSection(ProjectConfigurationPlatforms) = postSolution
		{BF83B440-885D-4779-BDF1-D986DF30CF9B}.Debug|Any CPU.ActiveCfg = Debug|Any CPU
		{BF83B440-885D-4779-BDF1-D986DF30CF9B}.Debug|Any CPU.Build.0 = Debug|Any CPU
		{BF83B440-885D-4779-BDF1-D986DF30CF9B}.Release|Any CPU.ActiveCfg = Release|Any CPU
		{BF83B440-885D-4779-BDF1-D986DF30CF9B}.Release|Any CPU.Build.0 = Release|Any CPU
	EndGlobalSection
	GlobalSection(SolutionProperties) = preSolution
		HideSolutionNode = FALSE
	EndGlobalSection
	GlobalSection(ExtensibilityGlobals) = postSolution
		SolutionGuid = {1383D78B-99D1-4178-AAB2-88213F7E5E39}
	EndGlobalSection
EndGlobal
